Microsoft Visual Studio Solution File, Format Version 12.00
# Visual Studio Version 17
VisualStudioVersion = 17.5.2.0
MinimumVisualStudioVersion = 10.0.40219.1
Project("{2150E333-8FDC-42A3-9474-1A3956D46DE8}") = "module3", "module3", "{4FCF796C-AF33-09EB-12CC-9A882BFB3D5F}"
EndProject
Project("{FAE04EC0-301F-11D3-BF4B-00C04F79EFBC}") = "DotnetDataTypes", "src\module3\DotnetDataTypes\DotnetDataTypes.csproj", "{5292B957-4A16-7346-19D3-2A2248F70035}"
EndProject
Project("{2150E333-8FDC-42A3-9474-1A3956D46DE8}") = "module1", "module1", "{706A26EC-296C-77AE-BA94-C66389BF216B}"
EndProject
Project("{FAE04EC0-301F-11D3-BF4B-00C04F79EFBC}") = "DotnetConsoleApp", "src\module1\DotnetConsoleApp\DotnetConsoleApp.csproj", "{86573B7B-BC03-1A57-92D7-AFFB6508A97F}"
EndProject
Project("{2150E333-8FDC-42A3-9474-1A3956D46DE8}") = "module2", "module2", "{E1C90343-DBE6-7E94-9B6A-029A5FFC2D09}"
EndProject
Project("{2150E333-8FDC-42A3-9474-1A3956D46DE8}") = "1-memory_safety", "1-memory_safety", "{595FFF2F-C761-FB02-B8DC-F24FC32FE7BD}"
EndProject
Project("{2150E333-8FDC-42A3-9474-1A3956D46DE8}") = "2-sustainability", "2-sustainability", "{27DA12BE-9DAD-4F9A-B51A-A4CAB04262B3}"
EndProject
Project("{FAE04EC0-301F-11D3-BF4B-00C04F79EFBC}") = "DotnetConsoleApp", "src\module2\2-sustainability\DotnetConsoleApp\DotnetConsoleApp.csproj", "{CE9E491E-7DB5-1955-7750-AF55249B7489}"
EndProject
Project("{2150E333-8FDC-42A3-9474-1A3956D46DE8}") = "module4", "module4", "{DAEF75C5-B14B-4A84-A730-BD90D68F7C31}"
EndProject
Project("{FAE04EC0-301F-11D3-BF4B-00C04F79EFBC}") = "DotnetMemorySafety", "src\module2\1-memory-safety\DotnetMemorySafety\DotnetMemorySafety.csproj", "{BAC51F1F-FE4D-4035-8200-C10A4F951EB0}"
EndProject
Project("{FAE04EC0-301F-11D3-BF4B-00C04F79EFBC}") = "DotnetSerialization", "src\module4\DotnetSerialization\DotnetSerialization.csproj", "{A1AD6F71-9673-4A8F-8ABB-DE4660E94935}"
EndProject
Project("{2150E333-8FDC-42A3-9474-1A3956D46DE8}") = "module5", "module5", "{9B86C367-CBF8-4C7D-ACCE-B051809313AB}"
EndProject
Project("{FAE04EC0-301F-11D3-BF4B-00C04F79EFBC}") = "DotnetWebApi", "src\module5\DotnetWebApi\DotnetWebApi.csproj", "{08F39A4B-CCF7-404F-9869-06DFB55B9ADF}"
EndProject
Project("{2150E333-8FDC-42A3-9474-1A3956D46DE8}") = "module6", "module6", "{B248A0B9-606F-4869-9FC8-840781EF700D}"
EndProject
Project("{FAE04EC0-301F-11D3-BF4B-00C04F79EFBC}") = "DotnetWebApi", "src\module6\DotnetWebApi\DotnetWebApi.csproj", "{7773D4AD-1749-47F7-BEFC-C1D37111D841}"
EndProject
Project("{2150E333-8FDC-42A3-9474-1A3956D46DE8}") = "module7", "module7", "{4BE855A5-6834-4398-A417-CA09B72CC80A}"
EndProject
Project("{FAE04EC0-301F-11D3-BF4B-00C04F79EFBC}") = "DotnetWebApi", "src\module7\DotnetWebApi\DotnetWebApi.csproj", "{7D32C80E-A585-4D89-885A-949A648D939F}"
EndProject
Project("{2150E333-8FDC-42A3-9474-1A3956D46DE8}") = "module8", "module8", "{0CA0645C-FD1B-456D-A235-9ADD786654DC}"
	ProjectSection(SolutionItems) = preProject
		src\module8\docker-compose.yml = src\module8\docker-compose.yml
	EndProjectSection
EndProject
Project("{FAE04EC0-301F-11D3-BF4B-00C04F79EFBC}") = "DotnetWebApi", "src\module8\DotnetWebApi\DotnetWebApi.csproj", "{157496BE-8522-412B-B20F-938536702428}"
EndProject
Project("{2150E333-8FDC-42A3-9474-1A3956D46DE8}") = "module9", "module9", "{B0565A4F-B2ED-4657-BA50-C52D71543F5A}"
EndProject
Project("{FAE04EC0-301F-11D3-BF4B-00C04F79EFBC}") = "DotnetWebApi", "src\module9\DotnetWebApi\DotnetWebApi.csproj", "{1895EA2D-A5E8-4275-BBD5-9338D542ED44}"
EndProject
Project("{FAE04EC0-301F-11D3-BF4B-00C04F79EFBC}") = "DotnetWebApi.UnitTest", "src\module9\DotnetWebApi.UnitTest\DotnetWebApi.UnitTest.csproj", "{0E1336BA-B7AB-4209-A217-F16FBBE2478F}"
EndProject
Global
	GlobalSection(SolutionConfigurationPlatforms) = preSolution
		Debug|Any CPU = Debug|Any CPU
		Release|Any CPU = Release|Any CPU
	EndGlobalSection
	GlobalSection(ProjectConfigurationPlatforms) = postSolution
		{5292B957-4A16-7346-19D3-2A2248F70035}.Debug|Any CPU.ActiveCfg = Debug|Any CPU
		{5292B957-4A16-7346-19D3-2A2248F70035}.Debug|Any CPU.Build.0 = Debug|Any CPU
		{5292B957-4A16-7346-19D3-2A2248F70035}.Release|Any CPU.ActiveCfg = Release|Any CPU
		{5292B957-4A16-7346-19D3-2A2248F70035}.Release|Any CPU.Build.0 = Release|Any CPU
		{86573B7B-BC03-1A57-92D7-AFFB6508A97F}.Debug|Any CPU.ActiveCfg = Debug|Any CPU
		{86573B7B-BC03-1A57-92D7-AFFB6508A97F}.Debug|Any CPU.Build.0 = Debug|Any CPU
		{86573B7B-BC03-1A57-92D7-AFFB6508A97F}.Release|Any CPU.ActiveCfg = Release|Any CPU
		{86573B7B-BC03-1A57-92D7-AFFB6508A97F}.Release|Any CPU.Build.0 = Release|Any CPU
		{CE9E491E-7DB5-1955-7750-AF55249B7489}.Debug|Any CPU.ActiveCfg = Debug|Any CPU
		{CE9E491E-7DB5-1955-7750-AF55249B7489}.Debug|Any CPU.Build.0 = Debug|Any CPU
		{CE9E491E-7DB5-1955-7750-AF55249B7489}.Release|Any CPU.ActiveCfg = Release|Any CPU
		{CE9E491E-7DB5-1955-7750-AF55249B7489}.Release|Any CPU.Build.0 = Release|Any CPU
		{BAC51F1F-FE4D-4035-8200-C10A4F951EB0}.Debug|Any CPU.ActiveCfg = Debug|Any CPU
		{BAC51F1F-FE4D-4035-8200-C10A4F951EB0}.Debug|Any CPU.Build.0 = Debug|Any CPU
		{BAC51F1F-FE4D-4035-8200-C10A4F951EB0}.Release|Any CPU.ActiveCfg = Release|Any CPU
		{BAC51F1F-FE4D-4035-8200-C10A4F951EB0}.Release|Any CPU.Build.0 = Release|Any CPU
		{A1AD6F71-9673-4A8F-8ABB-DE4660E94935}.Debug|Any CPU.ActiveCfg = Debug|Any CPU
		{A1AD6F71-9673-4A8F-8ABB-DE4660E94935}.Debug|Any CPU.Build.0 = Debug|Any CPU
		{A1AD6F71-9673-4A8F-8ABB-DE4660E94935}.Release|Any CPU.ActiveCfg = Release|Any CPU
		{A1AD6F71-9673-4A8F-8ABB-DE4660E94935}.Release|Any CPU.Build.0 = Release|Any CPU
		{08F39A4B-CCF7-404F-9869-06DFB55B9ADF}.Debug|Any CPU.ActiveCfg = Debug|Any CPU
		{08F39A4B-CCF7-404F-9869-06DFB55B9ADF}.Debug|Any CPU.Build.0 = Debug|Any CPU
		{08F39A4B-CCF7-404F-9869-06DFB55B9ADF}.Release|Any CPU.ActiveCfg = Release|Any CPU
		{08F39A4B-CCF7-404F-9869-06DFB55B9ADF}.Release|Any CPU.Build.0 = Release|Any CPU
		{7773D4AD-1749-47F7-BEFC-C1D37111D841}.Debug|Any CPU.ActiveCfg = Debug|Any CPU
		{7773D4AD-1749-47F7-BEFC-C1D37111D841}.Debug|Any CPU.Build.0 = Debug|Any CPU
		{7773D4AD-1749-47F7-BEFC-C1D37111D841}.Release|Any CPU.ActiveCfg = Release|Any CPU
		{7773D4AD-1749-47F7-BEFC-C1D37111D841}.Release|Any CPU.Build.0 = Release|Any CPU
		{7D32C80E-A585-4D89-885A-949A648D939F}.Debug|Any CPU.ActiveCfg = Debug|Any CPU
		{7D32C80E-A585-4D89-885A-949A648D939F}.Debug|Any CPU.Build.0 = Debug|Any CPU
		{7D32C80E-A585-4D89-885A-949A648D939F}.Release|Any CPU.ActiveCfg = Release|Any CPU
		{7D32C80E-A585-4D89-885A-949A648D939F}.Release|Any CPU.Build.0 = Release|Any CPU
		{157496BE-8522-412B-B20F-938536702428}.Debug|Any CPU.ActiveCfg = Debug|Any CPU
		{157496BE-8522-412B-B20F-938536702428}.Debug|Any CPU.Build.0 = Debug|Any CPU
		{157496BE-8522-412B-B20F-938536702428}.Release|Any CPU.ActiveCfg = Release|Any CPU
		{157496BE-8522-412B-B20F-938536702428}.Release|Any CPU.Build.0 = Release|Any CPU
		{1895EA2D-A5E8-4275-BBD5-9338D542ED44}.Debug|Any CPU.ActiveCfg = Debug|Any CPU
		{1895EA2D-A5E8-4275-BBD5-9338D542ED44}.Debug|Any CPU.Build.0 = Debug|Any CPU
		{1895EA2D-A5E8-4275-BBD5-9338D542ED44}.Release|Any CPU.ActiveCfg = Release|Any CPU
		{1895EA2D-A5E8-4275-BBD5-9338D542ED44}.Release|Any CPU.Build.0 = Release|Any CPU
		{0E1336BA-B7AB-4209-A217-F16FBBE2478F}.Debug|Any CPU.ActiveCfg = Debug|Any CPU
		{0E1336BA-B7AB-4209-A217-F16FBBE2478F}.Debug|Any CPU.Build.0 = Debug|Any CPU
		{0E1336BA-B7AB-4209-A217-F16FBBE2478F}.Release|Any CPU.ActiveCfg = Release|Any CPU
		{0E1336BA-B7AB-4209-A217-F16FBBE2478F}.Release|Any CPU.Build.0 = Release|Any CPU
	EndGlobalSection
	GlobalSection(SolutionProperties) = preSolution
		HideSolutionNode = FALSE
	EndGlobalSection
	GlobalSection(NestedProjects) = preSolution
		{5292B957-4A16-7346-19D3-2A2248F70035} = {4FCF796C-AF33-09EB-12CC-9A882BFB3D5F}
		{86573B7B-BC03-1A57-92D7-AFFB6508A97F} = {706A26EC-296C-77AE-BA94-C66389BF216B}
		{595FFF2F-C761-FB02-B8DC-F24FC32FE7BD} = {E1C90343-DBE6-7E94-9B6A-029A5FFC2D09}
		{27DA12BE-9DAD-4F9A-B51A-A4CAB04262B3} = {E1C90343-DBE6-7E94-9B6A-029A5FFC2D09}
		{CE9E491E-7DB5-1955-7750-AF55249B7489} = {27DA12BE-9DAD-4F9A-B51A-A4CAB04262B3}
		{BAC51F1F-FE4D-4035-8200-C10A4F951EB0} = {595FFF2F-C761-FB02-B8DC-F24FC32FE7BD}
		{A1AD6F71-9673-4A8F-8ABB-DE4660E94935} = {DAEF75C5-B14B-4A84-A730-BD90D68F7C31}
		{08F39A4B-CCF7-404F-9869-06DFB55B9ADF} = {9B86C367-CBF8-4C7D-ACCE-B051809313AB}
		{7773D4AD-1749-47F7-BEFC-C1D37111D841} = {B248A0B9-606F-4869-9FC8-840781EF700D}
		{7D32C80E-A585-4D89-885A-949A648D939F} = {4BE855A5-6834-4398-A417-CA09B72CC80A}
		{157496BE-8522-412B-B20F-938536702428} = {0CA0645C-FD1B-456D-A235-9ADD786654DC}
		{1895EA2D-A5E8-4275-BBD5-9338D542ED44} = {B0565A4F-B2ED-4657-BA50-C52D71543F5A}
		{0E1336BA-B7AB-4209-A217-F16FBBE2478F} = {B0565A4F-B2ED-4657-BA50-C52D71543F5A}
	EndGlobalSection
	GlobalSection(ExtensibilityGlobals) = postSolution
		SolutionGuid = {D5F0EEBF-863F-4887-BE8F-DACC9142E57E}
	EndGlobalSection
EndGlobal
